
Microsoft Visual Studio Solution File, Format Version 12.00
# Visual Studio Version 16
VisualStudioVersion = 16.0.29728.190
MinimumVisualStudioVersion = 10.0.40219.1
Project("{9A19103F-16F7-4668-BE54-9A1E7A4F7556}") = "WotBlitzStatisticsPro.Common", "WotBlitzStatisticsPro.Common\WotBlitzStatisticsPro.Common.csproj", "{2802CC24-35D6-48CE-9BC4-7080F9335C88}"
EndProject
Project("{9A19103F-16F7-4668-BE54-9A1E7A4F7556}") = "WotBlitzStatisticsPro.WgApiClient", "WotBlitzStatisticsPro.WgApiClient\WotBlitzStatisticsPro.WgApiClient.csproj", "{E1AB7997-C2A1-433B-A4F5-F8E9C4B73515}"
EndProject
Project("{2150E333-8FDC-42A3-9474-1A3956D46DE8}") = "Backend", "Backend", "{5095AE8F-F1D4-4BC0-95FD-B3DB0D3AED15}"
EndProject
Project("{9A19103F-16F7-4668-BE54-9A1E7A4F7556}") = "WotBlitzStatisticsPro.Logic", "WotBlitzStatisticsPro.Logic\WotBlitzStatisticsPro.Logic.csproj", "{A79103B3-4F04-4090-803E-B7AABFCC93B1}"
EndProject
Project("{9A19103F-16F7-4668-BE54-9A1E7A4F7556}") = "WotBlitzStatisticsPro.GraphQl", "WotBlitzStatisticsPro.GraphQl\WotBlitzStatisticsPro.GraphQl.csproj", "{921E0CBA-5696-4BB3-A547-78F599B1479B}"
EndProject
Project("{FAE04EC0-301F-11D3-BF4B-00C04F79EFBC}") = "WotBlitzStatisticsPro.DataAccess", "WotBlitzStatisticsPro.DataAccess\WotBlitzStatisticsPro.DataAccess.csproj", "{19B1EDE4-1B83-49E2-A666-6CFE3A4A732E}"
EndProject
Project("{FAE04EC0-301F-11D3-BF4B-00C04F79EFBC}") = "WotBlitzStatisticsPro.Tests", "WotBlitzStatisticsPro.Tests\WotBlitzStatisticsPro.Tests.csproj", "{551C3088-C6EA-45E1-A665-7C924C8407EB}"
EndProject
Global
	GlobalSection(SolutionConfigurationPlatforms) = preSolution
		Debug|Any CPU = Debug|Any CPU
		Release|Any CPU = Release|Any CPU
	EndGlobalSection
	GlobalSection(ProjectConfigurationPlatforms) = postSolution
		{2802CC24-35D6-48CE-9BC4-7080F9335C88}.Debug|Any CPU.ActiveCfg = Debug|Any CPU
		{2802CC24-35D6-48CE-9BC4-7080F9335C88}.Debug|Any CPU.Build.0 = Debug|Any CPU
		{2802CC24-35D6-48CE-9BC4-7080F9335C88}.Release|Any CPU.ActiveCfg = Release|Any CPU
		{2802CC24-35D6-48CE-9BC4-7080F9335C88}.Release|Any CPU.Build.0 = Release|Any CPU
		{E1AB7997-C2A1-433B-A4F5-F8E9C4B73515}.Debug|Any CPU.ActiveCfg = Debug|Any CPU
		{E1AB7997-C2A1-433B-A4F5-F8E9C4B73515}.Debug|Any CPU.Build.0 = Debug|Any CPU
		{E1AB7997-C2A1-433B-A4F5-F8E9C4B73515}.Release|Any CPU.ActiveCfg = Release|Any CPU
		{E1AB7997-C2A1-433B-A4F5-F8E9C4B73515}.Release|Any CPU.Build.0 = Release|Any CPU
		{A79103B3-4F04-4090-803E-B7AABFCC93B1}.Debug|Any CPU.ActiveCfg = Debug|Any CPU
		{A79103B3-4F04-4090-803E-B7AABFCC93B1}.Debug|Any CPU.Build.0 = Debug|Any CPU
		{A79103B3-4F04-4090-803E-B7AABFCC93B1}.Release|Any CPU.ActiveCfg = Release|Any CPU
		{A79103B3-4F04-4090-803E-B7AABFCC93B1}.Release|Any CPU.Build.0 = Release|Any CPU
		{921E0CBA-5696-4BB3-A547-78F599B1479B}.Debug|Any CPU.ActiveCfg = Debug|Any CPU
		{921E0CBA-5696-4BB3-A547-78F599B1479B}.Debug|Any CPU.Build.0 = Debug|Any CPU
		{921E0CBA-5696-4BB3-A547-78F599B1479B}.Release|Any CPU.ActiveCfg = Release|Any CPU
		{921E0CBA-5696-4BB3-A547-78F599B1479B}.Release|Any CPU.Build.0 = Release|Any CPU
		{19B1EDE4-1B83-49E2-A666-6CFE3A4A732E}.Debug|Any CPU.ActiveCfg = Debug|Any CPU
		{19B1EDE4-1B83-49E2-A666-6CFE3A4A732E}.Debug|Any CPU.Build.0 = Debug|Any CPU
		{19B1EDE4-1B83-49E2-A666-6CFE3A4A732E}.Release|Any CPU.ActiveCfg = Release|Any CPU
		{19B1EDE4-1B83-49E2-A666-6CFE3A4A732E}.Release|Any CPU.Build.0 = Release|Any CPU
		{551C3088-C6EA-45E1-A665-7C924C8407EB}.Debug|Any CPU.ActiveCfg = Debug|Any CPU
		{551C3088-C6EA-45E1-A665-7C924C8407EB}.Debug|Any CPU.Build.0 = Debug|Any CPU
		{551C3088-C6EA-45E1-A665-7C924C8407EB}.Release|Any CPU.ActiveCfg = Release|Any CPU
		{551C3088-C6EA-45E1-A665-7C924C8407EB}.Release|Any CPU.Build.0 = Release|Any CPU
	EndGlobalSection
	GlobalSection(SolutionProperties) = preSolution
		HideSolutionNode = FALSE
	EndGlobalSection
	GlobalSection(NestedProjects) = preSolution
		{E1AB7997-C2A1-433B-A4F5-F8E9C4B73515} = {5095AE8F-F1D4-4BC0-95FD-B3DB0D3AED15}
		{A79103B3-4F04-4090-803E-B7AABFCC93B1} = {5095AE8F-F1D4-4BC0-95FD-B3DB0D3AED15}
		{19B1EDE4-1B83-49E2-A666-6CFE3A4A732E} = {5095AE8F-F1D4-4BC0-95FD-B3DB0D3AED15}
		{551C3088-C6EA-45E1-A665-7C924C8407EB} = {5095AE8F-F1D4-4BC0-95FD-B3DB0D3AED15}
	EndGlobalSection
	GlobalSection(ExtensibilityGlobals) = postSolution
		SolutionGuid = {295179CC-53B9-4A2F-8051-A6B033EED16E}
	EndGlobalSection
EndGlobal
